
Microsoft Visual Studio Solution File, Format Version 12.00
# Visual Studio 15
VisualStudioVersion = 15.0.27703.2047
MinimumVisualStudioVersion = 10.0.40219.1
Project("{FAE04EC0-301F-11D3-BF4B-00C04F79EFBC}") = "GraphQLExample2", "GraphQLExample2\GraphQLExample2.csproj", "{2AF33884-8938-4998-B6C4-604DF971A46E}"
EndProject
Global
	GlobalSection(SolutionConfigurationPlatforms) = preSolution
		Debug|Any CPU = Debug|Any CPU
		Release|Any CPU = Release|Any CPU
	EndGlobalSection
	GlobalSection(ProjectConfigurationPlatforms) = postSolution
		{2AF33884-8938-4998-B6C4-604DF971A46E}.Debug|Any CPU.ActiveCfg = Debug|Any CPU
		{2AF33884-8938-4998-B6C4-604DF971A46E}.Debug|Any CPU.Build.0 = Debug|Any CPU
		{2AF33884-8938-4998-B6C4-604DF971A46E}.Release|Any CPU.ActiveCfg = Release|Any CPU
		{2AF33884-8938-4998-B6C4-604DF971A46E}.Release|Any CPU.Build.0 = Release|Any CPU
	EndGlobalSection
	GlobalSection(SolutionProperties) = preSolution
		HideSolutionNode = FALSE
	EndGlobalSection
	GlobalSection(ExtensibilityGlobals) = postSolution
		SolutionGuid = {B3173B38-9419-4E74-BE2A-BEBA1A2AC7EE}
	EndGlobalSection
EndGlobal
